# THIS IS AN AUTOGENERATED FILE. DO NOT EDIT THIS FILE DIRECTLY.
# yarn lockfile v1


"@types/mocha@^2.2.44":
  version "2.2.44"
  resolved "https://registry.yarnpkg.com/@types/mocha/-/mocha-2.2.44.tgz#1d4a798e53f35212fd5ad4d04050620171cd5b5e"

"@types/node@^8.0.53":
  version "8.0.53"
  resolved "https://registry.yarnpkg.com/@types/node/-/node-8.0.53.tgz#396b35af826fa66aad472c8cb7b8d5e277f4e6d8"

tslib@^1.7.1:
  version "1.8.0"
  resolved "https://registry.yarnpkg.com/tslib/-/tslib-1.8.0.tgz#dc604ebad64bcbf696d613da6c954aa0e7ea1eb6"

tsutils@^2.12.2:
  version "2.12.2"
  resolved "https://registry.yarnpkg.com/tsutils/-/tsutils-2.12.2.tgz#ad58a4865d17ec3ddb6631b6ca53be14a5656ff3"
  dependencies:
    tslib "^1.7.1"

typescript@^2.6.1:
  version "2.6.1"
  resolved "https://registry.yarnpkg.com/typescript/-/typescript-2.6.1.tgz#ef39cdea27abac0b500242d6726ab90e0c846631"
